
Microsoft Visual Studio Solution File, Format Version 12.00
# Visual Studio Version 16
VisualStudioVersion = 16.0.31205.134
MinimumVisualStudioVersion = 10.0.40219.1
Project("{FAE04EC0-301F-11D3-BF4B-00C04F79EFBC}") = "Multimedia", "Multimedia\Multimedia.csproj", "{98C7CA45-321C-4E7A-B2DC-DBEB368439FA}"
EndProject
Global
	GlobalSection(SolutionConfigurationPlatforms) = preSolution
		Debug|Any CPU = Debug|Any CPU
		Release|Any CPU = Release|Any CPU
	EndGlobalSection
	GlobalSection(ProjectConfigurationPlatforms) = postSolution
		{98C7CA45-321C-4E7A-B2DC-DBEB368439FA}.Debug|Any CPU.ActiveCfg = Debug|Any CPU
		{98C7CA45-321C-4E7A-B2DC-DBEB368439FA}.Debug|Any CPU.Build.0 = Debug|Any CPU
		{98C7CA45-321C-4E7A-B2DC-DBEB368439FA}.Release|Any CPU.ActiveCfg = Release|Any CPU
		{98C7CA45-321C-4E7A-B2DC-DBEB368439FA}.Release|Any CPU.Build.0 = Release|Any CPU
	EndGlobalSection
	GlobalSection(SolutionProperties) = preSolution
		HideSolutionNode = FALSE
	EndGlobalSection
	GlobalSection(ExtensibilityGlobals) = postSolution
		SolutionGuid = {6A6E5DA1-F7C8-407C-AF4B-A6F7AF3EB2A7}
	EndGlobalSection
EndGlobal
